
Microsoft Visual Studio Solution File, Format Version 12.00
# Visual Studio 15
VisualStudioVersion = 15.0.28010.2036
MinimumVisualStudioVersion = 10.0.40219.1
Project("{FAE04EC0-301F-11D3-BF4B-00C04F79EFBC}") = "UDPLoggerWindowsForms", "MultiPingWindowsForms\UDPLoggerWindowsForms.csproj", "{6C8AF9A1-C111-4A6C-BBFC-EF0BD1096C0A}"
EndProject
Global
	GlobalSection(SolutionConfigurationPlatforms) = preSolution
		Debug|Any CPU = Debug|Any CPU
		Release|Any CPU = Release|Any CPU
	EndGlobalSection
	GlobalSection(ProjectConfigurationPlatforms) = postSolution
		{6C8AF9A1-C111-4A6C-BBFC-EF0BD1096C0A}.Debug|Any CPU.ActiveCfg = Debug|Any CPU
		{6C8AF9A1-C111-4A6C-BBFC-EF0BD1096C0A}.Debug|Any CPU.Build.0 = Debug|Any CPU
		{6C8AF9A1-C111-4A6C-BBFC-EF0BD1096C0A}.Release|Any CPU.ActiveCfg = Release|Any CPU
		{6C8AF9A1-C111-4A6C-BBFC-EF0BD1096C0A}.Release|Any CPU.Build.0 = Release|Any CPU
	EndGlobalSection
	GlobalSection(SolutionProperties) = preSolution
		HideSolutionNode = FALSE
	EndGlobalSection
	GlobalSection(ExtensibilityGlobals) = postSolution
		SolutionGuid = {40F4FAA0-5811-42CD-B4C3-36A6DBD484FA}
	EndGlobalSection
EndGlobal
